
Microsoft Visual Studio Solution File, Format Version 12.00
# Visual Studio 15
VisualStudioVersion = 15.0.28307.421
MinimumVisualStudioVersion = 10.0.40219.1
Project("{FAE04EC0-301F-11D3-BF4B-00C04F79EFBC}") = "M01aDemo", "M01aDemo\M01aDemo.csproj", "{1C7A9A0D-DE06-445E-BEFE-E815E98C31C2}"
EndProject
Project("{FAE04EC0-301F-11D3-BF4B-00C04F79EFBC}") = "M01bMontyPython", "M01bMontyPython\M01bMontyPython.csproj", "{FB012651-B4B8-4246-9796-9E94ED294B4A}"
EndProject
Project("{FAE04EC0-301F-11D3-BF4B-00C04F79EFBC}") = "M02Columns", "M02Columns\M02Columns.csproj", "{A0A846EE-A292-481C-BF7D-868C4ECED83C}"
EndProject
Project("{FAE04EC0-301F-11D3-BF4B-00C04F79EFBC}") = "M04aCommission", "M04aCommission\M04aCommission.csproj", "{362CC8D2-E546-460B-AB7F-7CBACFBFD9CB}"
EndProject
Global
	GlobalSection(SolutionConfigurationPlatforms) = preSolution
		Debug|Any CPU = Debug|Any CPU
		Release|Any CPU = Release|Any CPU
	EndGlobalSection
	GlobalSection(ProjectConfigurationPlatforms) = postSolution
		{1C7A9A0D-DE06-445E-BEFE-E815E98C31C2}.Debug|Any CPU.ActiveCfg = Debug|Any CPU
		{1C7A9A0D-DE06-445E-BEFE-E815E98C31C2}.Debug|Any CPU.Build.0 = Debug|Any CPU
		{1C7A9A0D-DE06-445E-BEFE-E815E98C31C2}.Release|Any CPU.ActiveCfg = Release|Any CPU
		{1C7A9A0D-DE06-445E-BEFE-E815E98C31C2}.Release|Any CPU.Build.0 = Release|Any CPU
		{FB012651-B4B8-4246-9796-9E94ED294B4A}.Debug|Any CPU.ActiveCfg = Debug|Any CPU
		{FB012651-B4B8-4246-9796-9E94ED294B4A}.Debug|Any CPU.Build.0 = Debug|Any CPU
		{FB012651-B4B8-4246-9796-9E94ED294B4A}.Release|Any CPU.ActiveCfg = Release|Any CPU
		{FB012651-B4B8-4246-9796-9E94ED294B4A}.Release|Any CPU.Build.0 = Release|Any CPU
		{A0A846EE-A292-481C-BF7D-868C4ECED83C}.Debug|Any CPU.ActiveCfg = Debug|Any CPU
		{A0A846EE-A292-481C-BF7D-868C4ECED83C}.Debug|Any CPU.Build.0 = Debug|Any CPU
		{A0A846EE-A292-481C-BF7D-868C4ECED83C}.Release|Any CPU.ActiveCfg = Release|Any CPU
		{A0A846EE-A292-481C-BF7D-868C4ECED83C}.Release|Any CPU.Build.0 = Release|Any CPU
		{362CC8D2-E546-460B-AB7F-7CBACFBFD9CB}.Debug|Any CPU.ActiveCfg = Debug|Any CPU
		{362CC8D2-E546-460B-AB7F-7CBACFBFD9CB}.Debug|Any CPU.Build.0 = Debug|Any CPU
		{362CC8D2-E546-460B-AB7F-7CBACFBFD9CB}.Release|Any CPU.ActiveCfg = Release|Any CPU
		{362CC8D2-E546-460B-AB7F-7CBACFBFD9CB}.Release|Any CPU.Build.0 = Release|Any CPU
	EndGlobalSection
	GlobalSection(SolutionProperties) = preSolution
		HideSolutionNode = FALSE
	EndGlobalSection
	GlobalSection(ExtensibilityGlobals) = postSolution
		SolutionGuid = {35C406A5-30F0-41D6-AE51-26F757BA67AE}
	EndGlobalSection
EndGlobal
